
Microsoft Visual Studio Solution File, Format Version 12.00
# Visual Studio Version 16
VisualStudioVersion = 16.0.29102.190
MinimumVisualStudioVersion = 10.0.40219.1
Project("{FAE04EC0-301F-11D3-BF4B-00C04F79EFBC}") = "SquareMinecraftLauncher", "SquareMinecraftLauncher\SquareMinecraftLauncher.csproj", "{10832BDC-8E77-4E6E-81F7-36945AB51C24}"
EndProject
Project("{FAE04EC0-301F-11D3-BF4B-00C04F79EFBC}") = "SquareMinecraftLauncherCore", "E:\2019备份\SquareMinecraftLauncherCore\SquareMinecraftLauncherCore\SquareMinecraftLauncherCore.csproj", "{F97010A9-5D34-4CA8-8696-4ED3F2FB0AB5}"
EndProject
Global
	GlobalSection(SolutionConfigurationPlatforms) = preSolution
		Debug|Any CPU = Debug|Any CPU
		Debug|x64 = Debug|x64
		Debug|x86 = Debug|x86
		Release|Any CPU = Release|Any CPU
		Release|x64 = Release|x64
		Release|x86 = Release|x86
	EndGlobalSection
	GlobalSection(ProjectConfigurationPlatforms) = postSolution
		{10832BDC-8E77-4E6E-81F7-36945AB51C24}.Debug|Any CPU.ActiveCfg = Debug|Any CPU
		{10832BDC-8E77-4E6E-81F7-36945AB51C24}.Debug|Any CPU.Build.0 = Debug|Any CPU
		{10832BDC-8E77-4E6E-81F7-36945AB51C24}.Debug|x64.ActiveCfg = Debug|Any CPU
		{10832BDC-8E77-4E6E-81F7-36945AB51C24}.Debug|x64.Build.0 = Debug|Any CPU
		{10832BDC-8E77-4E6E-81F7-36945AB51C24}.Debug|x86.ActiveCfg = Debug|Any CPU
		{10832BDC-8E77-4E6E-81F7-36945AB51C24}.Debug|x86.Build.0 = Debug|Any CPU
		{10832BDC-8E77-4E6E-81F7-36945AB51C24}.Release|Any CPU.ActiveCfg = Release|Any CPU
		{10832BDC-8E77-4E6E-81F7-36945AB51C24}.Release|Any CPU.Build.0 = Release|Any CPU
		{10832BDC-8E77-4E6E-81F7-36945AB51C24}.Release|x64.ActiveCfg = Release|Any CPU
		{10832BDC-8E77-4E6E-81F7-36945AB51C24}.Release|x64.Build.0 = Release|Any CPU
		{10832BDC-8E77-4E6E-81F7-36945AB51C24}.Release|x86.ActiveCfg = Release|Any CPU
		{10832BDC-8E77-4E6E-81F7-36945AB51C24}.Release|x86.Build.0 = Release|Any CPU
		{F97010A9-5D34-4CA8-8696-4ED3F2FB0AB5}.Debug|Any CPU.ActiveCfg = Debug|Any CPU
		{F97010A9-5D34-4CA8-8696-4ED3F2FB0AB5}.Debug|Any CPU.Build.0 = Debug|Any CPU
		{F97010A9-5D34-4CA8-8696-4ED3F2FB0AB5}.Debug|x64.ActiveCfg = Debug|x64
		{F97010A9-5D34-4CA8-8696-4ED3F2FB0AB5}.Debug|x64.Build.0 = Debug|x64
		{F97010A9-5D34-4CA8-8696-4ED3F2FB0AB5}.Debug|x86.ActiveCfg = Debug|x86
		{F97010A9-5D34-4CA8-8696-4ED3F2FB0AB5}.Debug|x86.Build.0 = Debug|x86
		{F97010A9-5D34-4CA8-8696-4ED3F2FB0AB5}.Release|Any CPU.ActiveCfg = Release|Any CPU
		{F97010A9-5D34-4CA8-8696-4ED3F2FB0AB5}.Release|Any CPU.Build.0 = Release|Any CPU
		{F97010A9-5D34-4CA8-8696-4ED3F2FB0AB5}.Release|x64.ActiveCfg = Release|x64
		{F97010A9-5D34-4CA8-8696-4ED3F2FB0AB5}.Release|x64.Build.0 = Release|x64
		{F97010A9-5D34-4CA8-8696-4ED3F2FB0AB5}.Release|x86.ActiveCfg = Release|x86
		{F97010A9-5D34-4CA8-8696-4ED3F2FB0AB5}.Release|x86.Build.0 = Release|x86
	EndGlobalSection
	GlobalSection(SolutionProperties) = preSolution
		HideSolutionNode = FALSE
	EndGlobalSection
	GlobalSection(ExtensibilityGlobals) = postSolution
		SolutionGuid = {3567818E-5DD0-492E-AE23-41CB56FA9C7B}
	EndGlobalSection
EndGlobal
